
Microsoft Visual Studio Solution File, Format Version 12.00
# Visual Studio Version 17
VisualStudioVersion = 17.7.34018.315
MinimumVisualStudioVersion = 10.0.40219.1
Project("{2150E333-8FDC-42A3-9474-1A3956D46DE8}") = "Core", "Core", "{36B97337-8F8E-40D8-AD1A-D7D2391666D0}"
EndProject
Project("{2150E333-8FDC-42A3-9474-1A3956D46DE8}") = "Infrastructure", "Infrastructure", "{07620559-BF43-4C52-B924-6F756863C1B9}"
EndProject
Project("{2150E333-8FDC-42A3-9474-1A3956D46DE8}") = "Presentation", "Presentation", "{964D456D-E763-4893-A470-3A41FF3722EE}"
EndProject
Project("{2150E333-8FDC-42A3-9474-1A3956D46DE8}") = "Test", "Test", "{89BCC823-AFA3-4A75-A85A-6D37E08A09F3}"
EndProject
Project("{9A19103F-16F7-4668-BE54-9A1E7A4F7556}") = "CleanArchitecture.Application", "CleanArchitecture.Application\CleanArchitecture.Application.csproj", "{EFAA00D2-604C-454B-A703-6C6CA28D9BAB}"
EndProject
Project("{9A19103F-16F7-4668-BE54-9A1E7A4F7556}") = "CleanArchitecture.Tests", "CleanArchitecture\CleanArchitecture.Tests.csproj", "{9C050061-B765-4335-87FA-0270844FDE1A}"
EndProject
Project("{9A19103F-16F7-4668-BE54-9A1E7A4F7556}") = "CleanArchitecture.API", "CleanArchitecture.API\CleanArchitecture.API\CleanArchitecture.API.csproj", "{CE2D8126-18A0-4C92-A475-60E94ED06ACE}"
EndProject
Project("{9A19103F-16F7-4668-BE54-9A1E7A4F7556}") = "CleanArchitecture.Domain", "CleanArchitecture.Domain\CleanArchitecture.Domain.csproj", "{6FB5A296-DA8F-4F70-8627-C54C3A09AFC2}"
EndProject
Project("{9A19103F-16F7-4668-BE54-9A1E7A4F7556}") = "CleanArchitecture.Persistence", "CleanArchitecture.Persistence\CleanArchitecture.Persistence.csproj", "{0A530FF9-14FA-46A9-AC6A-D3AEF2FC1C79}"
EndProject
Global
	GlobalSection(SolutionConfigurationPlatforms) = preSolution
		Debug|Any CPU = Debug|Any CPU
		Release|Any CPU = Release|Any CPU
	EndGlobalSection
	GlobalSection(ProjectConfigurationPlatforms) = postSolution
		{EFAA00D2-604C-454B-A703-6C6CA28D9BAB}.Debug|Any CPU.ActiveCfg = Debug|Any CPU
		{EFAA00D2-604C-454B-A703-6C6CA28D9BAB}.Debug|Any CPU.Build.0 = Debug|Any CPU
		{EFAA00D2-604C-454B-A703-6C6CA28D9BAB}.Release|Any CPU.ActiveCfg = Release|Any CPU
		{EFAA00D2-604C-454B-A703-6C6CA28D9BAB}.Release|Any CPU.Build.0 = Release|Any CPU
		{9C050061-B765-4335-87FA-0270844FDE1A}.Debug|Any CPU.ActiveCfg = Debug|Any CPU
		{9C050061-B765-4335-87FA-0270844FDE1A}.Debug|Any CPU.Build.0 = Debug|Any CPU
		{9C050061-B765-4335-87FA-0270844FDE1A}.Release|Any CPU.ActiveCfg = Release|Any CPU
		{9C050061-B765-4335-87FA-0270844FDE1A}.Release|Any CPU.Build.0 = Release|Any CPU
		{CE2D8126-18A0-4C92-A475-60E94ED06ACE}.Debug|Any CPU.ActiveCfg = Debug|Any CPU
		{CE2D8126-18A0-4C92-A475-60E94ED06ACE}.Debug|Any CPU.Build.0 = Debug|Any CPU
		{CE2D8126-18A0-4C92-A475-60E94ED06ACE}.Release|Any CPU.ActiveCfg = Release|Any CPU
		{CE2D8126-18A0-4C92-A475-60E94ED06ACE}.Release|Any CPU.Build.0 = Release|Any CPU
		{6FB5A296-DA8F-4F70-8627-C54C3A09AFC2}.Debug|Any CPU.ActiveCfg = Debug|Any CPU
		{6FB5A296-DA8F-4F70-8627-C54C3A09AFC2}.Debug|Any CPU.Build.0 = Debug|Any CPU
		{6FB5A296-DA8F-4F70-8627-C54C3A09AFC2}.Release|Any CPU.ActiveCfg = Release|Any CPU
		{6FB5A296-DA8F-4F70-8627-C54C3A09AFC2}.Release|Any CPU.Build.0 = Release|Any CPU
		{0A530FF9-14FA-46A9-AC6A-D3AEF2FC1C79}.Debug|Any CPU.ActiveCfg = Debug|Any CPU
		{0A530FF9-14FA-46A9-AC6A-D3AEF2FC1C79}.Debug|Any CPU.Build.0 = Debug|Any CPU
		{0A530FF9-14FA-46A9-AC6A-D3AEF2FC1C79}.Release|Any CPU.ActiveCfg = Release|Any CPU
		{0A530FF9-14FA-46A9-AC6A-D3AEF2FC1C79}.Release|Any CPU.Build.0 = Release|Any CPU
	EndGlobalSection
	GlobalSection(SolutionProperties) = preSolution
		HideSolutionNode = FALSE
	EndGlobalSection
	GlobalSection(NestedProjects) = preSolution
		{EFAA00D2-604C-454B-A703-6C6CA28D9BAB} = {36B97337-8F8E-40D8-AD1A-D7D2391666D0}
		{9C050061-B765-4335-87FA-0270844FDE1A} = {89BCC823-AFA3-4A75-A85A-6D37E08A09F3}
		{CE2D8126-18A0-4C92-A475-60E94ED06ACE} = {964D456D-E763-4893-A470-3A41FF3722EE}
		{6FB5A296-DA8F-4F70-8627-C54C3A09AFC2} = {36B97337-8F8E-40D8-AD1A-D7D2391666D0}
		{0A530FF9-14FA-46A9-AC6A-D3AEF2FC1C79} = {07620559-BF43-4C52-B924-6F756863C1B9}
	EndGlobalSection
	GlobalSection(ExtensibilityGlobals) = postSolution
		SolutionGuid = {BC98D7A7-A121-40FC-985D-7F4539BEF32E}
	EndGlobalSection
EndGlobal
